
Microsoft Visual Studio Solution File, Format Version 12.00
# Visual Studio 2012
Project("{FAE04EC0-301F-11D3-BF4B-00C04F79EFBC}") = "Optimizer", "Optimizer\Optimizer.csproj", "{E569B2B7-D319-4A6E-98B3-F220C3774BA5}"
EndProject
Global
	GlobalSection(SolutionConfigurationPlatforms) = preSolution
		Debug|x86 = Debug|x86
		Release|x86 = Release|x86
	EndGlobalSection
	GlobalSection(ProjectConfigurationPlatforms) = postSolution
		{E569B2B7-D319-4A6E-98B3-F220C3774BA5}.Debug|x86.ActiveCfg = Debug|x86
		{E569B2B7-D319-4A6E-98B3-F220C3774BA5}.Debug|x86.Build.0 = Debug|x86
		{E569B2B7-D319-4A6E-98B3-F220C3774BA5}.Release|x86.ActiveCfg = Release|x86
		{E569B2B7-D319-4A6E-98B3-F220C3774BA5}.Release|x86.Build.0 = Release|x86
	EndGlobalSection
	GlobalSection(SolutionProperties) = preSolution
		HideSolutionNode = FALSE
	EndGlobalSection
EndGlobal
