
Microsoft Visual Studio Solution File, Format Version 12.00
# Visual Studio 2012
Project("{FAE04EC0-301F-11D3-BF4B-00C04F79EFBC}") = "Optimizer", "Optimizer\Optimizer.csproj", "{E569B2B7-D319-4A6E-98B3-F220C3774BA5}"
EndProject
Project("{2150E333-8FDC-42A3-9474-1A3956D46DE8}") = ".nuget", ".nuget", "{F993C4E8-959F-4972-A204-EABC2184E564}"
	ProjectSection(SolutionItems) = preProject
		.nuget\NuGet.Config = .nuget\NuGet.Config
		.nuget\NuGet.exe = .nuget\NuGet.exe
		.nuget\NuGet.targets = .nuget\NuGet.targets
	EndProjectSection
EndProject
Global
	GlobalSection(SolutionConfigurationPlatforms) = preSolution
		Debug|x86 = Debug|x86
		Release|x86 = Release|x86
	EndGlobalSection
	GlobalSection(ProjectConfigurationPlatforms) = postSolution
		{E569B2B7-D319-4A6E-98B3-F220C3774BA5}.Debug|x86.ActiveCfg = Debug|x86
		{E569B2B7-D319-4A6E-98B3-F220C3774BA5}.Debug|x86.Build.0 = Debug|x86
		{E569B2B7-D319-4A6E-98B3-F220C3774BA5}.Release|x86.ActiveCfg = Release|x86
		{E569B2B7-D319-4A6E-98B3-F220C3774BA5}.Release|x86.Build.0 = Release|x86
	EndGlobalSection
	GlobalSection(SolutionProperties) = preSolution
		HideSolutionNode = FALSE
	EndGlobalSection
EndGlobal
