
Microsoft Visual Studio Solution File, Format Version 12.00
# Visual Studio 2012
Project("{FAE04EC0-301F-11D3-BF4B-00C04F79EFBC}") = "DurandalTemplate", "DurandalTemplate\DurandalTemplate.csproj", "{1F97D2AC-DE94-4B2E-BA7E-230B3C241FDA}"
EndProject
Project("{2150E333-8FDC-42A3-9474-1A3956D46DE8}") = ".nuget", ".nuget", "{F9C42651-E221-4CB4-AC31-4A1E515E3B01}"
	ProjectSection(SolutionItems) = preProject
		.nuget\NuGet.Config = .nuget\NuGet.Config
		.nuget\NuGet.exe = .nuget\NuGet.exe
		.nuget\NuGet.targets = .nuget\NuGet.targets
	EndProjectSection
EndProject
Global
	GlobalSection(SolutionConfigurationPlatforms) = preSolution
		Debug|Any CPU = Debug|Any CPU
		Release|Any CPU = Release|Any CPU
	EndGlobalSection
	GlobalSection(ProjectConfigurationPlatforms) = postSolution
		{1F97D2AC-DE94-4B2E-BA7E-230B3C241FDA}.Debug|Any CPU.ActiveCfg = Debug|Any CPU
		{1F97D2AC-DE94-4B2E-BA7E-230B3C241FDA}.Debug|Any CPU.Build.0 = Debug|Any CPU
		{1F97D2AC-DE94-4B2E-BA7E-230B3C241FDA}.Release|Any CPU.ActiveCfg = Release|Any CPU
		{1F97D2AC-DE94-4B2E-BA7E-230B3C241FDA}.Release|Any CPU.Build.0 = Release|Any CPU
	EndGlobalSection
	GlobalSection(SolutionProperties) = preSolution
		HideSolutionNode = FALSE
	EndGlobalSection
EndGlobal
