
Microsoft Visual Studio Solution File, Format Version 12.00
# Visual Studio 2012
Project("{FAE04EC0-301F-11D3-BF4B-00C04F79EFBC}") = "Durandal", "Durandal.csproj", "{3EA32849-C308-4046-BA8A-9C7D23F7D28D}"
EndProject
Global
	GlobalSection(SolutionConfigurationPlatforms) = preSolution
		Debug|Any CPU = Debug|Any CPU
		Release|Any CPU = Release|Any CPU
	EndGlobalSection
	GlobalSection(ProjectConfigurationPlatforms) = postSolution
		{3EA32849-C308-4046-BA8A-9C7D23F7D28D}.Debug|Any CPU.ActiveCfg = Debug|Any CPU
		{3EA32849-C308-4046-BA8A-9C7D23F7D28D}.Debug|Any CPU.Build.0 = Debug|Any CPU
		{3EA32849-C308-4046-BA8A-9C7D23F7D28D}.Release|Any CPU.ActiveCfg = Release|Any CPU
		{3EA32849-C308-4046-BA8A-9C7D23F7D28D}.Release|Any CPU.Build.0 = Release|Any CPU
	EndGlobalSection
	GlobalSection(SolutionProperties) = preSolution
		HideSolutionNode = FALSE
	EndGlobalSection
EndGlobal
