
Microsoft Visual Studio Solution File, Format Version 12.00
# Visual Studio 2012
Project("{FAE04EC0-301F-11D3-BF4B-00C04F79EFBC}") = "DurandalVSIX", "DurandalVSIX\DurandalVSIX.csproj", "{7ED72748-DB5F-464B-ADBF-E0B97E3DD01A}"
EndProject
Global
	GlobalSection(SolutionConfigurationPlatforms) = preSolution
		Debug|Any CPU = Debug|Any CPU
		Release|Any CPU = Release|Any CPU
	EndGlobalSection
	GlobalSection(ProjectConfigurationPlatforms) = postSolution
		{7ED72748-DB5F-464B-ADBF-E0B97E3DD01A}.Debug|Any CPU.ActiveCfg = Debug|Any CPU
		{7ED72748-DB5F-464B-ADBF-E0B97E3DD01A}.Debug|Any CPU.Build.0 = Debug|Any CPU
		{7ED72748-DB5F-464B-ADBF-E0B97E3DD01A}.Release|Any CPU.ActiveCfg = Release|Any CPU
		{7ED72748-DB5F-464B-ADBF-E0B97E3DD01A}.Release|Any CPU.Build.0 = Release|Any CPU
	EndGlobalSection
	GlobalSection(SolutionProperties) = preSolution
		HideSolutionNode = FALSE
	EndGlobalSection
EndGlobal
